// !$*UTF8*$!
{
	archiveVersion = 1;
	classes = {
	};
	objectVersion = 46;
	objects = {

/* Begin PBXBuildFile section */
		010D022BB9089773284BB4A8 /* Pods_KGGCDWebServerDemo.framework in Frameworks */ = {isa = PBXBuildFile; fileRef = EF0993BEA06330A4E3B00FFC /* Pods_KGGCDWebServerDemo.framework */; };
		95732E1ED516B0B321B5F988 /* Pods_KGGCDWebServerDemoUITests.framework in Frameworks */ = {isa = PBXBuildFile; fileRef = 7395BC34A997396EF7C14580 /* Pods_KGGCDWebServerDemoUITests.framework */; };
		9DA1BA1A1D874F1C00C5B8BA /* AppDelegate.swift in Sources */ = {isa = PBXBuildFile; fileRef = 9DA1BA191D874F1C00C5B8BA /* AppDelegate.swift */; };
		9DA1BA1C1D874F1C00C5B8BA /* ViewController.swift in Sources */ = {isa = PBXBuildFile; fileRef = 9DA1BA1B1D874F1C00C5B8BA /* ViewController.swift */; };
		9DA1BA1F1D874F1C00C5B8BA /* Main.storyboard in Resources */ = {isa = PBXBuildFile; fileRef = 9DA1BA1D1D874F1C00C5B8BA /* Main.storyboard */; };
		9DA1BA211D874F1C00C5B8BA /* Assets.xcassets in Resources */ = {isa = PBXBuildFile; fileRef = 9DA1BA201D874F1C00C5B8BA /* Assets.xcassets */; };
		9DA1BA241D874F1C00C5B8BA /* LaunchScreen.storyboard in Resources */ = {isa = PBXBuildFile; fileRef = 9DA1BA221D874F1C00C5B8BA /* LaunchScreen.storyboard */; };
		9DA1BA2F1D874F1C00C5B8BA /* KGGCDWebServerDemoTests.swift in Sources */ = {isa = PBXBuildFile; fileRef = 9DA1BA2E1D874F1C00C5B8BA /* KGGCDWebServerDemoTests.swift */; };
		9DA1BA3A1D874F1C00C5B8BA /* KGGCDWebServerDemoUITests.swift in Sources */ = {isa = PBXBuildFile; fileRef = 9DA1BA391D874F1C00C5B8BA /* KGGCDWebServerDemoUITests.swift */; };
		9DA1BA481D876E6A00C5B8BA /* KGPhotoFetcher.swift in Sources */ = {isa = PBXBuildFile; fileRef = 9DA1BA471D876E6A00C5B8BA /* KGPhotoFetcher.swift */; };
		9DA1BA4A1D877E5900C5B8BA /* KGWebServer.swift in Sources */ = {isa = PBXBuildFile; fileRef = 9DA1BA491D877E5900C5B8BA /* KGWebServer.swift */; };
		E03CF264C27AB5B9D692E78C /* Pods_KGGCDWebServerDemoTests.framework in Frameworks */ = {isa = PBXBuildFile; fileRef = 1E5E76046199E07E2912A076 /* Pods_KGGCDWebServerDemoTests.framework */; };
/* End PBXBuildFile section */

/* Begin PBXContainerItemProxy section */
		9DA1BA2B1D874F1C00C5B8BA /* PBXContainerItemProxy */ = {
			isa = PBXContainerItemProxy;
			containerPortal = 9DA1BA0E1D874F1B00C5B8BA /* Project object */;
			proxyType = 1;
			remoteGlobalIDString = 9DA1BA151D874F1B00C5B8BA;
			remoteInfo = KGGCDWebServerDemo;
		};
		9DA1BA361D874F1C00C5B8BA /* PBXContainerItemProxy */ = {
			isa = PBXContainerItemProxy;
			containerPortal = 9DA1BA0E1D874F1B00C5B8BA /* Project object */;
			proxyType = 1;
			remoteGlobalIDString = 9DA1BA151D874F1B00C5B8BA;
			remoteInfo = KGGCDWebServerDemo;
		};
/* End PBXContainerItemProxy section */

/* Begin PBXFileReference section */
		1E5E76046199E07E2912A076 /* Pods_KGGCDWebServerDemoTests.framework */ = {isa = PBXFileReference; explicitFileType = wrapper.framework; includeInIndex = 0; path = Pods_KGGCDWebServerDemoTests.framework; sourceTree = BUILT_PRODUCTS_DIR; };
		2FB2FAF4DA01637B8BF216DE /* Pods-KGGCDWebServerDemoTests.debug.xcconfig */ = {isa = PBXFileReference; includeInIndex = 1; lastKnownFileType = text.xcconfig; name = "Pods-KGGCDWebServerDemoTests.debug.xcconfig"; path = "Pods/Target Support Files/Pods-KGGCDWebServerDemoTests/Pods-KGGCDWebServerDemoTests.debug.xcconfig"; sourceTree = "<group>"; };
		322DBDB7FE6774C10A1B5A7C /* Pods-KGGCDWebServerDemoUITests.release.xcconfig */ = {isa = PBXFileReference; includeInIndex = 1; lastKnownFileType = text.xcconfig; name = "Pods-KGGCDWebServerDemoUITests.release.xcconfig"; path = "Pods/Target Support Files/Pods-KGGCDWebServerDemoUITests/Pods-KGGCDWebServerDemoUITests.release.xcconfig"; sourceTree = "<group>"; };
		440C83AE133C7072F8A96B1C /* Pods-KGGCDWebServerDemo.debug.xcconfig */ = {isa = PBXFileReference; includeInIndex = 1; lastKnownFileType = text.xcconfig; name = "Pods-KGGCDWebServerDemo.debug.xcconfig"; path = "Pods/Target Support Files/Pods-KGGCDWebServerDemo/Pods-KGGCDWebServerDemo.debug.xcconfig"; sourceTree = "<group>"; };
		594F003F170B4152A6B4E9B5 /* Pods-KGGCDWebServerDemoUITests.debug.xcconfig */ = {isa = PBXFileReference; includeInIndex = 1; lastKnownFileType = text.xcconfig; name = "Pods-KGGCDWebServerDemoUITests.debug.xcconfig"; path = "Pods/Target Support Files/Pods-KGGCDWebServerDemoUITests/Pods-KGGCDWebServerDemoUITests.debug.xcconfig"; sourceTree = "<group>"; };
		7395BC34A997396EF7C14580 /* Pods_KGGCDWebServerDemoUITests.framework */ = {isa = PBXFileReference; explicitFileType = wrapper.framework; includeInIndex = 0; path = Pods_KGGCDWebServerDemoUITests.framework; sourceTree = BUILT_PRODUCTS_DIR; };
		911A826ACC3EB1C39B709E3D /* Pods-KGGCDWebServerDemo.release.xcconfig */ = {isa = PBXFileReference; includeInIndex = 1; lastKnownFileType = text.xcconfig; name = "Pods-KGGCDWebServerDemo.release.xcconfig"; path = "Pods/Target Support Files/Pods-KGGCDWebServerDemo/Pods-KGGCDWebServerDemo.release.xcconfig"; sourceTree = "<group>"; };
		9DA1BA161D874F1B00C5B8BA /* KGGCDWebServerDemo.app */ = {isa = PBXFileReference; explicitFileType = wrapper.application; includeInIndex = 0; path = KGGCDWebServerDemo.app; sourceTree = BUILT_PRODUCTS_DIR; };
		9DA1BA191D874F1C00C5B8BA /* AppDelegate.swift */ = {isa = PBXFileReference; lastKnownFileType = sourcecode.swift; path = AppDelegate.swift; sourceTree = "<group>"; };
		9DA1BA1B1D874F1C00C5B8BA /* ViewController.swift */ = {isa = PBXFileReference; lastKnownFileType = sourcecode.swift; path = ViewController.swift; sourceTree = "<group>"; };
		9DA1BA1E1D874F1C00C5B8BA /* Base */ = {isa = PBXFileReference; lastKnownFileType = file.storyboard; name = Base; path = Base.lproj/Main.storyboard; sourceTree = "<group>"; };
		9DA1BA201D874F1C00C5B8BA /* Assets.xcassets */ = {isa = PBXFileReference; lastKnownFileType = folder.assetcatalog; path = Assets.xcassets; sourceTree = "<group>"; };
		9DA1BA231D874F1C00C5B8BA /* Base */ = {isa = PBXFileReference; lastKnownFileType = file.storyboard; name = Base; path = Base.lproj/LaunchScreen.storyboard; sourceTree = "<group>"; };
		9DA1BA251D874F1C00C5B8BA /* Info.plist */ = {isa = PBXFileReference; lastKnownFileType = text.plist.xml; path = Info.plist; sourceTree = "<group>"; };
		9DA1BA2A1D874F1C00C5B8BA /* KGGCDWebServerDemoTests.xctest */ = {isa = PBXFileReference; explicitFileType = wrapper.cfbundle; includeInIndex = 0; path = KGGCDWebServerDemoTests.xctest; sourceTree = BUILT_PRODUCTS_DIR; };
		9DA1BA2E1D874F1C00C5B8BA /* KGGCDWebServerDemoTests.swift */ = {isa = PBXFileReference; lastKnownFileType = sourcecode.swift; path = KGGCDWebServerDemoTests.swift; sourceTree = "<group>"; };
		9DA1BA301D874F1C00C5B8BA /* Info.plist */ = {isa = PBXFileReference; lastKnownFileType = text.plist.xml; path = Info.plist; sourceTree = "<group>"; };
		9DA1BA351D874F1C00C5B8BA /* KGGCDWebServerDemoUITests.xctest */ = {isa = PBXFileReference; explicitFileType = wrapper.cfbundle; includeInIndex = 0; path = KGGCDWebServerDemoUITests.xctest; sourceTree = BUILT_PRODUCTS_DIR; };
		9DA1BA391D874F1C00C5B8BA /* KGGCDWebServerDemoUITests.swift */ = {isa = PBXFileReference; lastKnownFileType = sourcecode.swift; path = KGGCDWebServerDemoUITests.swift; sourceTree = "<group>"; };
		9DA1BA3B1D874F1C00C5B8BA /* Info.plist */ = {isa = PBXFileReference; lastKnownFileType = text.plist.xml; path = Info.plist; sourceTree = "<group>"; };
		9DA1BA471D876E6A00C5B8BA /* KGPhotoFetcher.swift */ = {isa = PBXFileReference; fileEncoding = 4; lastKnownFileType = sourcecode.swift; path = KGPhotoFetcher.swift; sourceTree = "<group>"; };
		9DA1BA491D877E5900C5B8BA /* KGWebServer.swift */ = {isa = PBXFileReference; fileEncoding = 4; lastKnownFileType = sourcecode.swift; path = KGWebServer.swift; sourceTree = "<group>"; };
		D6864EF4D78F6D119AA808A0 /* Pods-KGGCDWebServerDemoTests.release.xcconfig */ = {isa = PBXFileReference; includeInIndex = 1; lastKnownFileType = text.xcconfig; name = "Pods-KGGCDWebServerDemoTests.release.xcconfig"; path = "Pods/Target Support Files/Pods-KGGCDWebServerDemoTests/Pods-KGGCDWebServerDemoTests.release.xcconfig"; sourceTree = "<group>"; };
		EF0993BEA06330A4E3B00FFC /* Pods_KGGCDWebServerDemo.framework */ = {isa = PBXFileReference; explicitFileType = wrapper.framework; includeInIndex = 0; path = Pods_KGGCDWebServerDemo.framework; sourceTree = BUILT_PRODUCTS_DIR; };
/* End PBXFileReference section */

/* Begin PBXFrameworksBuildPhase section */
		9DA1BA131D874F1B00C5B8BA /* Frameworks */ = {
			isa = PBXFrameworksBuildPhase;
			buildActionMask = 2147483647;
			files = (
				010D022BB9089773284BB4A8 /* Pods_KGGCDWebServerDemo.framework in Frameworks */,
			);
			runOnlyForDeploymentPostprocessing = 0;
		};
		9DA1BA271D874F1C00C5B8BA /* Frameworks */ = {
			isa = PBXFrameworksBuildPhase;
			buildActionMask = 2147483647;
			files = (
				E03CF264C27AB5B9D692E78C /* Pods_KGGCDWebServerDemoTests.framework in Frameworks */,
			);
			runOnlyForDeploymentPostprocessing = 0;
		};
		9DA1BA321D874F1C00C5B8BA /* Frameworks */ = {
			isa = PBXFrameworksBuildPhase;
			buildActionMask = 2147483647;
			files = (
				95732E1ED516B0B321B5F988 /* Pods_KGGCDWebServerDemoUITests.framework in Frameworks */,
			);
			runOnlyForDeploymentPostprocessing = 0;
		};
/* End PBXFrameworksBuildPhase section */

/* Begin PBXGroup section */
		9DA1BA0D1D874F1B00C5B8BA = {
			isa = PBXGroup;
			children = (
				9DA1BA181D874F1B00C5B8BA /* KGGCDWebServerDemo */,
				9DA1BA2D1D874F1C00C5B8BA /* KGGCDWebServerDemoTests */,
				9DA1BA381D874F1C00C5B8BA /* KGGCDWebServerDemoUITests */,
				9DA1BA171D874F1B00C5B8BA /* Products */,
				B67E5CD91B1C122EC2EF9974 /* Pods */,
				EFD8D0069C6CEC25CE8193F4 /* Frameworks */,
			);
			sourceTree = "<group>";
		};
		9DA1BA171D874F1B00C5B8BA /* Products */ = {
			isa = PBXGroup;
			children = (
				9DA1BA161D874F1B00C5B8BA /* KGGCDWebServerDemo.app */,
				9DA1BA2A1D874F1C00C5B8BA /* KGGCDWebServerDemoTests.xctest */,
				9DA1BA351D874F1C00C5B8BA /* KGGCDWebServerDemoUITests.xctest */,
			);
			name = Products;
			sourceTree = "<group>";
		};
		9DA1BA181D874F1B00C5B8BA /* KGGCDWebServerDemo */ = {
			isa = PBXGroup;
			children = (
				9DA1BA191D874F1C00C5B8BA /* AppDelegate.swift */,
				9DA1BA1B1D874F1C00C5B8BA /* ViewController.swift */,
				9DA1BA471D876E6A00C5B8BA /* KGPhotoFetcher.swift */,
				9DA1BA491D877E5900C5B8BA /* KGWebServer.swift */,
				9DA1BA1D1D874F1C00C5B8BA /* Main.storyboard */,
				9DA1BA201D874F1C00C5B8BA /* Assets.xcassets */,
				9DA1BA221D874F1C00C5B8BA /* LaunchScreen.storyboard */,
				9DA1BA251D874F1C00C5B8BA /* Info.plist */,
			);
			path = KGGCDWebServerDemo;
			sourceTree = "<group>";
		};
		9DA1BA2D1D874F1C00C5B8BA /* KGGCDWebServerDemoTests */ = {
			isa = PBXGroup;
			children = (
				9DA1BA2E1D874F1C00C5B8BA /* KGGCDWebServerDemoTests.swift */,
				9DA1BA301D874F1C00C5B8BA /* Info.plist */,
			);
			path = KGGCDWebServerDemoTests;
			sourceTree = "<group>";
		};
		9DA1BA381D874F1C00C5B8BA /* KGGCDWebServerDemoUITests */ = {
			isa = PBXGroup;
			children = (
				9DA1BA391D874F1C00C5B8BA /* KGGCDWebServerDemoUITests.swift */,
				9DA1BA3B1D874F1C00C5B8BA /* Info.plist */,
			);
			path = KGGCDWebServerDemoUITests;
			sourceTree = "<group>";
		};
		B67E5CD91B1C122EC2EF9974 /* Pods */ = {
			isa = PBXGroup;
			children = (
				440C83AE133C7072F8A96B1C /* Pods-KGGCDWebServerDemo.debug.xcconfig */,
				911A826ACC3EB1C39B709E3D /* Pods-KGGCDWebServerDemo.release.xcconfig */,
				2FB2FAF4DA01637B8BF216DE /* Pods-KGGCDWebServerDemoTests.debug.xcconfig */,
				D6864EF4D78F6D119AA808A0 /* Pods-KGGCDWebServerDemoTests.release.xcconfig */,
				594F003F170B4152A6B4E9B5 /* Pods-KGGCDWebServerDemoUITests.debug.xcconfig */,
				322DBDB7FE6774C10A1B5A7C /* Pods-KGGCDWebServerDemoUITests.release.xcconfig */,
			);
			name = Pods;
			sourceTree = "<group>";
		};
		EFD8D0069C6CEC25CE8193F4 /* Frameworks */ = {
			isa = PBXGroup;
			children = (
				EF0993BEA06330A4E3B00FFC /* Pods_KGGCDWebServerDemo.framework */,
				1E5E76046199E07E2912A076 /* Pods_KGGCDWebServerDemoTests.framework */,
				7395BC34A997396EF7C14580 /* Pods_KGGCDWebServerDemoUITests.framework */,
			);
			name = Frameworks;
			sourceTree = "<group>";
		};
/* End PBXGroup section */

/* Begin PBXNativeTarget section */
		9DA1BA151D874F1B00C5B8BA /* KGGCDWebServerDemo */ = {
			isa = PBXNativeTarget;
			buildConfigurationList = 9DA1BA3E1D874F1C00C5B8BA /* Build configuration list for PBXNativeTarget "KGGCDWebServerDemo" */;
			buildPhases = (
				5C5A66F878278AF30FAEBBC9 /* [CP] Check Pods Manifest.lock */,
				9DA1BA121D874F1B00C5B8BA /* Sources */,
				9DA1BA131D874F1B00C5B8BA /* Frameworks */,
				9DA1BA141D874F1B00C5B8BA /* Resources */,
				5AD6BFABB02C6EF451CD5B46 /* [CP] Embed Pods Frameworks */,
				C6AF8B041719142325E6F43E /* [CP] Copy Pods Resources */,
			);
			buildRules = (
			);
			dependencies = (
			);
			name = KGGCDWebServerDemo;
			productName = KGGCDWebServerDemo;
			productReference = 9DA1BA161D874F1B00C5B8BA /* KGGCDWebServerDemo.app */;
			productType = "com.apple.product-type.application";
		};
		9DA1BA291D874F1C00C5B8BA /* KGGCDWebServerDemoTests */ = {
			isa = PBXNativeTarget;
			buildConfigurationList = 9DA1BA411D874F1C00C5B8BA /* Build configuration list for PBXNativeTarget "KGGCDWebServerDemoTests" */;
			buildPhases = (
				F2799D1EF8A71001F48BA4E5 /* [CP] Check Pods Manifest.lock */,
				9DA1BA261D874F1C00C5B8BA /* Sources */,
				9DA1BA271D874F1C00C5B8BA /* Frameworks */,
				9DA1BA281D874F1C00C5B8BA /* Resources */,
				32E06E0887FF6EE20DDA7F46 /* [CP] Embed Pods Frameworks */,
				647496358707B8CB351C6969 /* [CP] Copy Pods Resources */,
			);
			buildRules = (
			);
			dependencies = (
				9DA1BA2C1D874F1C00C5B8BA /* PBXTargetDependency */,
			);
			name = KGGCDWebServerDemoTests;
			productName = KGGCDWebServerDemoTests;
			productReference = 9DA1BA2A1D874F1C00C5B8BA /* KGGCDWebServerDemoTests.xctest */;
			productType = "com.apple.product-type.bundle.unit-test";
		};
		9DA1BA341D874F1C00C5B8BA /* KGGCDWebServerDemoUITests */ = {
			isa = PBXNativeTarget;
			buildConfigurationList = 9DA1BA441D874F1C00C5B8BA /* Build configuration list for PBXNativeTarget "KGGCDWebServerDemoUITests" */;
			buildPhases = (
				0A6617745134EF3CC4EC553D /* [CP] Check Pods Manifest.lock */,
				9DA1BA311D874F1C00C5B8BA /* Sources */,
				9DA1BA321D874F1C00C5B8BA /* Frameworks */,
				9DA1BA331D874F1C00C5B8BA /* Resources */,
				D6E4877F8026A2A304289071 /* [CP] Copy Pods Resources */,
			);
			buildRules = (
			);
			dependencies = (
				9DA1BA371D874F1C00C5B8BA /* PBXTargetDependency */,
			);
			name = KGGCDWebServerDemoUITests;
			productName = KGGCDWebServerDemoUITests;
			productReference = 9DA1BA351D874F1C00C5B8BA /* KGGCDWebServerDemoUITests.xctest */;
			productType = "com.apple.product-type.bundle.ui-testing";
		};
/* End PBXNativeTarget section */

/* Begin PBXProject section */
		9DA1BA0E1D874F1B00C5B8BA /* Project object */ = {
			isa = PBXProject;
			attributes = {
				LastSwiftUpdateCheck = 0730;
				LastUpgradeCheck = 0730;
				ORGANIZATIONNAME = "Kevin Guo";
				TargetAttributes = {
					9DA1BA151D874F1B00C5B8BA = {
						CreatedOnToolsVersion = 7.3.1;
					};
					9DA1BA291D874F1C00C5B8BA = {
						CreatedOnToolsVersion = 7.3.1;
						TestTargetID = 9DA1BA151D874F1B00C5B8BA;
					};
					9DA1BA341D874F1C00C5B8BA = {
						CreatedOnToolsVersion = 7.3.1;
						TestTargetID = 9DA1BA151D874F1B00C5B8BA;
					};
				};
			};
			buildConfigurationList = 9DA1BA111D874F1B00C5B8BA /* Build configuration list for PBXProject "KGGCDWebServerDemo" */;
			compatibilityVersion = "Xcode 3.2";
			developmentRegion = English;
			hasScannedForEncodings = 0;
			knownRegions = (
				en,
				Base,
			);
			mainGroup = 9DA1BA0D1D874F1B00C5B8BA;
			productRefGroup = 9DA1BA171D874F1B00C5B8BA /* Products */;
			projectDirPath = "";
			projectRoot = "";
			targets = (
				9DA1BA151D874F1B00C5B8BA /* KGGCDWebServerDemo */,
				9DA1BA291D874F1C00C5B8BA /* KGGCDWebServerDemoTests */,
				9DA1BA341D874F1C00C5B8BA /* KGGCDWebServerDemoUITests */,
			);
		};
/* End PBXProject section */

/* Begin PBXResourcesBuildPhase section */
		9DA1BA141D874F1B00C5B8BA /* Resources */ = {
			isa = PBXResourcesBuildPhase;
			buildActionMask = 2147483647;
			files = (
				9DA1BA241D874F1C00C5B8BA /* LaunchScreen.storyboard in Resources */,
				9DA1BA211D874F1C00C5B8BA /* Assets.xcassets in Resources */,
				9DA1BA1F1D874F1C00C5B8BA /* Main.storyboard in Resources */,
			);
			runOnlyForDeploymentPostprocessing = 0;
		};
		9DA1BA281D874F1C00C5B8BA /* Resources */ = {
			isa = PBXResourcesBuildPhase;
			buildActionMask = 2147483647;
			files = (
			);
			runOnlyForDeploymentPostprocessing = 0;
		};
		9DA1BA331D874F1C00C5B8BA /* Resources */ = {
			isa = PBXResourcesBuildPhase;
			buildActionMask = 2147483647;
			files = (
			);
			runOnlyForDeploymentPostprocessing = 0;
		};
/* End PBXResourcesBuildPhase section */

/* Begin PBXShellScriptBuildPhase section */
		0A6617745134EF3CC4EC553D /* [CP] Check Pods Manifest.lock */ = {
			isa = PBXShellScriptBuildPhase;
			buildActionMask = 2147483647;
			files = (
			);
			inputPaths = (
			);
			name = "[CP] Check Pods Manifest.lock";
			outputPaths = (
			);
			runOnlyForDeploymentPostprocessing = 0;
			shellPath = /bin/sh;
			shellScript = "diff \"${PODS_ROOT}/../Podfile.lock\" \"${PODS_ROOT}/Manifest.lock\" > /dev/null\nif [[ $? != 0 ]] ; then\n    cat << EOM\nerror: The sandbox is not in sync with the Podfile.lock. Run 'pod install' or update your CocoaPods installation.\nEOM\n    exit 1\nfi\n";
			showEnvVarsInLog = 0;
		};
		32E06E0887FF6EE20DDA7F46 /* [CP] Embed Pods Frameworks */ = {
			isa = PBXShellScriptBuildPhase;
			buildActionMask = 2147483647;
			files = (
			);
			inputPaths = (
			);
			name = "[CP] Embed Pods Frameworks";
			outputPaths = (
			);
			runOnlyForDeploymentPostprocessing = 0;
			shellPath = /bin/sh;
			shellScript = "\"${SRCROOT}/Pods/Target Support Files/Pods-KGGCDWebServerDemoTests/Pods-KGGCDWebServerDemoTests-frameworks.sh\"\n";
			showEnvVarsInLog = 0;
		};
		5AD6BFABB02C6EF451CD5B46 /* [CP] Embed Pods Frameworks */ = {
			isa = PBXShellScriptBuildPhase;
			buildActionMask = 2147483647;
			files = (
			);
			inputPaths = (
			);
			name = "[CP] Embed Pods Frameworks";
			outputPaths = (
			);
			runOnlyForDeploymentPostprocessing = 0;
			shellPath = /bin/sh;
			shellScript = "\"${SRCROOT}/Pods/Target Support Files/Pods-KGGCDWebServerDemo/Pods-KGGCDWebServerDemo-frameworks.sh\"\n";
			showEnvVarsInLog = 0;
		};
		5C5A66F878278AF30FAEBBC9 /* [CP] Check Pods Manifest.lock */ = {
			isa = PBXShellScriptBuildPhase;
			buildActionMask = 2147483647;
			files = (
			);
			inputPaths = (
			);
			name = "[CP] Check Pods Manifest.lock";
			outputPaths = (
			);
			runOnlyForDeploymentPostprocessing = 0;
			shellPath = /bin/sh;
			shellScript = "diff \"${PODS_ROOT}/../Podfile.lock\" \"${PODS_ROOT}/Manifest.lock\" > /dev/null\nif [[ $? != 0 ]] ; then\n    cat << EOM\nerror: The sandbox is not in sync with the Podfile.lock. Run 'pod install' or update your CocoaPods installation.\nEOM\n    exit 1\nfi\n";
			showEnvVarsInLog = 0;
		};
		647496358707B8CB351C6969 /* [CP] Copy Pods Resources */ = {
			isa = PBXShellScriptBuildPhase;
			buildActionMask = 2147483647;
			files = (
			);
			inputPaths = (
			);
			name = "[CP] Copy Pods Resources";
			outputPaths = (
			);
			runOnlyForDeploymentPostprocessing = 0;
			shellPath = /bin/sh;
			shellScript = "\"${SRCROOT}/Pods/Target Support Files/Pods-KGGCDWebServerDemoTests/Pods-KGGCDWebServerDemoTests-resources.sh\"\n";
			showEnvVarsInLog = 0;
		};
		C6AF8B041719142325E6F43E /* [CP] Copy Pods Resources */ = {
			isa = PBXShellScriptBuildPhase;
			buildActionMask = 2147483647;
			files = (
			);
			inputPaths = (
			);
			name = "[CP] Copy Pods Resources";
			outputPaths = (
			);
			runOnlyForDeploymentPostprocessing = 0;
			shellPath = /bin/sh;
			shellScript = "\"${SRCROOT}/Pods/Target Support Files/Pods-KGGCDWebServerDemo/Pods-KGGCDWebServerDemo-resources.sh\"\n";
			showEnvVarsInLog = 0;
		};
		D6E4877F8026A2A304289071 /* [CP] Copy Pods Resources */ = {
			isa = PBXShellScriptBuildPhase;
			buildActionMask = 2147483647;
			files = (
			);
			inputPaths = (
			);
			name = "[CP] Copy Pods Resources";
			outputPaths = (
			);
			runOnlyForDeploymentPostprocessing = 0;
			shellPath = /bin/sh;
			shellScript = "\"${SRCROOT}/Pods/Target Support Files/Pods-KGGCDWebServerDemoUITests/Pods-KGGCDWebServerDemoUITests-resources.sh\"\n";
			showEnvVarsInLog = 0;
		};
		F2799D1EF8A71001F48BA4E5 /* [CP] Check Pods Manifest.lock */ = {
			isa = PBXShellScriptBuildPhase;
			buildActionMask = 2147483647;
			files = (
			);
			inputPaths = (
			);
			name = "[CP] Check Pods Manifest.lock";
			outputPaths = (
			);
			runOnlyForDeploymentPostprocessing = 0;
			shellPath = /bin/sh;
			shellScript = "diff \"${PODS_ROOT}/../Podfile.lock\" \"${PODS_ROOT}/Manifest.lock\" > /dev/null\nif [[ $? != 0 ]] ; then\n    cat << EOM\nerror: The sandbox is not in sync with the Podfile.lock. Run 'pod install' or update your CocoaPods installation.\nEOM\n    exit 1\nfi\n";
			showEnvVarsInLog = 0;
		};
/* End PBXShellScriptBuildPhase section */

/* Begin PBXSourcesBuildPhase section */
		9DA1BA121D874F1B00C5B8BA /* Sources */ = {
			isa = PBXSourcesBuildPhase;
			buildActionMask = 2147483647;
			files = (
				9DA1BA1C1D874F1C00C5B8BA /* ViewController.swift in Sources */,
				9DA1BA481D876E6A00C5B8BA /* KGPhotoFetcher.swift in Sources */,
				9DA1BA1A1D874F1C00C5B8BA /* AppDelegate.swift in Sources */,
				9DA1BA4A1D877E5900C5B8BA /* KGWebServer.swift in Sources */,
			);
			runOnlyForDeploymentPostprocessing = 0;
		};
		9DA1BA261D874F1C00C5B8BA /* Sources */ = {
			isa = PBXSourcesBuildPhase;
			buildActionMask = 2147483647;
			files = (
				9DA1BA2F1D874F1C00C5B8BA /* KGGCDWebServerDemoTests.swift in Sources */,
			);
			runOnlyForDeploymentPostprocessing = 0;
		};
		9DA1BA311D874F1C00C5B8BA /* Sources */ = {
			isa = PBXSourcesBuildPhase;
			buildActionMask = 2147483647;
			files = (
				9DA1BA3A1D874F1C00C5B8BA /* KGGCDWebServerDemoUITests.swift in Sources */,
			);
			runOnlyForDeploymentPostprocessing = 0;
		};
/* End PBXSourcesBuildPhase section */

/* Begin PBXTargetDependency section */
		9DA1BA2C1D874F1C00C5B8BA /* PBXTargetDependency */ = {
			isa = PBXTargetDependency;
			target = 9DA1BA151D874F1B00C5B8BA /* KGGCDWebServerDemo */;
			targetProxy = 9DA1BA2B1D874F1C00C5B8BA /* PBXContainerItemProxy */;
		};
		9DA1BA371D874F1C00C5B8BA /* PBXTargetDependency */ = {
			isa = PBXTargetDependency;
			target = 9DA1BA151D874F1B00C5B8BA /* KGGCDWebServerDemo */;
			targetProxy = 9DA1BA361D874F1C00C5B8BA /* PBXContainerItemProxy */;
		};
/* End PBXTargetDependency section */

/* Begin PBXVariantGroup section */
		9DA1BA1D1D874F1C00C5B8BA /* Main.storyboard */ = {
			isa = PBXVariantGroup;
			children = (
				9DA1BA1E1D874F1C00C5B8BA /* Base */,
			);
			name = Main.storyboard;
			sourceTree = "<group>";
		};
		9DA1BA221D874F1C00C5B8BA /* LaunchScreen.storyboard */ = {
			isa = PBXVariantGroup;
			children = (
				9DA1BA231D874F1C00C5B8BA /* Base */,
			);
			name = LaunchScreen.storyboard;
			sourceTree = "<group>";
		};
/* End PBXVariantGroup section */

/* Begin XCBuildConfiguration section */
		9DA1BA3C1D874F1C00C5B8BA /* Debug */ = {
			isa = XCBuildConfiguration;
			buildSettings = {
				ALWAYS_SEARCH_USER_PATHS = NO;
				CLANG_ANALYZER_NONNULL = YES;
				CLANG_CXX_LANGUAGE_STANDARD = "gnu++0x";
				CLANG_CXX_LIBRARY = "libc++";
				CLANG_ENABLE_MODULES = YES;
				CLANG_ENABLE_OBJC_ARC = YES;
				CLANG_WARN_BOOL_CONVERSION = YES;
				CLANG_WARN_CONSTANT_CONVERSION = YES;
				CLANG_WARN_DIRECT_OBJC_ISA_USAGE = YES_ERROR;
				CLANG_WARN_EMPTY_BODY = YES;
				CLANG_WARN_ENUM_CONVERSION = YES;
				CLANG_WARN_INT_CONVERSION = YES;
				CLANG_WARN_OBJC_ROOT_CLASS = YES_ERROR;
				CLANG_WARN_UNREACHABLE_CODE = YES;
				CLANG_WARN__DUPLICATE_METHOD_MATCH = YES;
				"CODE_SIGN_IDENTITY[sdk=iphoneos*]" = "iPhone Developer";
				COPY_PHASE_STRIP = NO;
				DEBUG_INFORMATION_FORMAT = dwarf;
				ENABLE_STRICT_OBJC_MSGSEND = YES;
				ENABLE_TESTABILITY = YES;
				GCC_C_LANGUAGE_STANDARD = gnu99;
				GCC_DYNAMIC_NO_PIC = NO;
				GCC_NO_COMMON_BLOCKS = YES;
				GCC_OPTIMIZATION_LEVEL = 0;
				GCC_PREPROCESSOR_DEFINITIONS = (
					"DEBUG=1",
					"$(inherited)",
				);
				GCC_WARN_64_TO_32_BIT_CONVERSION = YES;
				GCC_WARN_ABOUT_RETURN_TYPE = YES_ERROR;
				GCC_WARN_UNDECLARED_SELECTOR = YES;
				GCC_WARN_UNINITIALIZED_AUTOS = YES_AGGRESSIVE;
				GCC_WARN_UNUSED_FUNCTION = YES;
				GCC_WARN_UNUSED_VARIABLE = YES;
				IPHONEOS_DEPLOYMENT_TARGET = 9.3;
				MTL_ENABLE_DEBUG_INFO = YES;
				ONLY_ACTIVE_ARCH = YES;
				SDKROOT = iphoneos;
				SWIFT_OPTIMIZATION_LEVEL = "-Onone";
				TARGETED_DEVICE_FAMILY = "1,2";
			};
			name = Debug;
		};
		9DA1BA3D1D874F1C00C5B8BA /* Release */ = {
			isa = XCBuildConfiguration;
			buildSettings = {
				ALWAYS_SEARCH_USER_PATHS = NO;
				CLANG_ANALYZER_NONNULL = YES;
				CLANG_CXX_LANGUAGE_STANDARD = "gnu++0x";
				CLANG_CXX_LIBRARY = "libc++";
				CLANG_ENABLE_MODULES = YES;
				CLANG_ENABLE_OBJC_ARC = YES;
				CLANG_WARN_BOOL_CONVERSION = YES;
				CLANG_WARN_CONSTANT_CONVERSION = YES;
				CLANG_WARN_DIRECT_OBJC_ISA_USAGE = YES_ERROR;
				CLANG_WARN_EMPTY_BODY = YES;
				CLANG_WARN_ENUM_CONVERSION = YES;
				CLANG_WARN_INT_CONVERSION = YES;
				CLANG_WARN_OBJC_ROOT_CLASS = YES_ERROR;
				CLANG_WARN_UNREACHABLE_CODE = YES;
				CLANG_WARN__DUPLICATE_METHOD_MATCH = YES;
				"CODE_SIGN_IDENTITY[sdk=iphoneos*]" = "iPhone Developer";
				COPY_PHASE_STRIP = NO;
				DEBUG_INFORMATION_FORMAT = "dwarf-with-dsym";
				ENABLE_NS_ASSERTIONS = NO;
				ENABLE_STRICT_OBJC_MSGSEND = YES;
				GCC_C_LANGUAGE_STANDARD = gnu99;
				GCC_NO_COMMON_BLOCKS = YES;
				GCC_WARN_64_TO_32_BIT_CONVERSION = YES;
				GCC_WARN_ABOUT_RETURN_TYPE = YES_ERROR;
				GCC_WARN_UNDECLARED_SELECTOR = YES;
				GCC_WARN_UNINITIALIZED_AUTOS = YES_AGGRESSIVE;
				GCC_WARN_UNUSED_FUNCTION = YES;
				GCC_WARN_UNUSED_VARIABLE = YES;
				IPHONEOS_DEPLOYMENT_TARGET = 9.3;
				MTL_ENABLE_DEBUG_INFO = NO;
				SDKROOT = iphoneos;
				TARGETED_DEVICE_FAMILY = "1,2";
				VALIDATE_PRODUCT = YES;
			};
			name = Release;
		};
		9DA1BA3F1D874F1C00C5B8BA /* Debug */ = {
			isa = XCBuildConfiguration;
			baseConfigurationReference = 440C83AE133C7072F8A96B1C /* Pods-KGGCDWebServerDemo.debug.xcconfig */;
			buildSettings = {
				ASSETCATALOG_COMPILER_APPICON_NAME = AppIcon;
				INFOPLIST_FILE = KGGCDWebServerDemo/Info.plist;
				LD_RUNPATH_SEARCH_PATHS = "$(inherited) @executable_path/Frameworks";
				PRODUCT_BUNDLE_IDENTIFIER = com.mimik.KGGCDWebServerDemo;
				PRODUCT_NAME = "$(TARGET_NAME)";
			};
			name = Debug;
		};
		9DA1BA401D874F1C00C5B8BA /* Release */ = {
			isa = XCBuildConfiguration;
			baseConfigurationReference = 911A826ACC3EB1C39B709E3D /* Pods-KGGCDWebServerDemo.release.xcconfig */;
			buildSettings = {
				ASSETCATALOG_COMPILER_APPICON_NAME = AppIcon;
				INFOPLIST_FILE = KGGCDWebServerDemo/Info.plist;
				LD_RUNPATH_SEARCH_PATHS = "$(inherited) @executable_path/Frameworks";
				PRODUCT_BUNDLE_IDENTIFIER = com.mimik.KGGCDWebServerDemo;
				PRODUCT_NAME = "$(TARGET_NAME)";
			};
			name = Release;
		};
		9DA1BA421D874F1C00C5B8BA /* Debug */ = {
			isa = XCBuildConfiguration;
			baseConfigurationReference = 2FB2FAF4DA01637B8BF216DE /* Pods-KGGCDWebServerDemoTests.debug.xcconfig */;
			buildSettings = {
				BUNDLE_LOADER = "$(TEST_HOST)";
				INFOPLIST_FILE = KGGCDWebServerDemoTests/Info.plist;
				LD_RUNPATH_SEARCH_PATHS = "$(inherited) @executable_path/Frameworks @loader_path/Frameworks";
				PRODUCT_BUNDLE_IDENTIFIER = com.mimik.KGGCDWebServerDemoTests;
				PRODUCT_NAME = "$(TARGET_NAME)";
				TEST_HOST = "$(BUILT_PRODUCTS_DIR)/KGGCDWebServerDemo.app/KGGCDWebServerDemo";
			};
			name = Debug;
		};
		9DA1BA431D874F1C00C5B8BA /* Release */ = {
			isa = XCBuildConfiguration;
			baseConfigurationReference = D6864EF4D78F6D119AA808A0 /* Pods-KGGCDWebServerDemoTests.release.xcconfig */;
			buildSettings = {
				BUNDLE_LOADER = "$(TEST_HOST)";
				INFOPLIST_FILE = KGGCDWebServerDemoTests/Info.plist;
				LD_RUNPATH_SEARCH_PATHS = "$(inherited) @executable_path/Frameworks @loader_path/Frameworks";
				PRODUCT_BUNDLE_IDENTIFIER = com.mimik.KGGCDWebServerDemoTests;
				PRODUCT_NAME = "$(TARGET_NAME)";
				TEST_HOST = "$(BUILT_PRODUCTS_DIR)/KGGCDWebServerDemo.app/KGGCDWebServerDemo";
			};
			name = Release;
		};
		9DA1BA451D874F1C00C5B8BA /* Debug */ = {
			isa = XCBuildConfiguration;
			baseConfigurationReference = 594F003F170B4152A6B4E9B5 /* Pods-KGGCDWebServerDemoUITests.debug.xcconfig */;
			buildSettings = {
				INFOPLIST_FILE = KGGCDWebServerDemoUITests/Info.plist;
				LD_RUNPATH_SEARCH_PATHS = "$(inherited) @executable_path/Frameworks @loader_path/Frameworks";
				PRODUCT_BUNDLE_IDENTIFIER = com.mimik.KGGCDWebServerDemoUITests;
				PRODUCT_NAME = "$(TARGET_NAME)";
				TEST_TARGET_NAME = KGGCDWebServerDemo;
			};
			name = Debug;
		};
		9DA1BA461D874F1C00C5B8BA /* Release */ = {
			isa = XCBuildConfiguration;
			baseConfigurationReference = 322DBDB7FE6774C10A1B5A7C /* Pods-KGGCDWebServerDemoUITests.release.xcconfig */;
			buildSettings = {
				INFOPLIST_FILE = KGGCDWebServerDemoUITests/Info.plist;
				LD_RUNPATH_SEARCH_PATHS = "$(inherited) @executable_path/Frameworks @loader_path/Frameworks";
				PRODUCT_BUNDLE_IDENTIFIER = com.mimik.KGGCDWebServerDemoUITests;
				PRODUCT_NAME = "$(TARGET_NAME)";
				TEST_TARGET_NAME = KGGCDWebServerDemo;
			};
			name = Release;
		};
/* End XCBuildConfiguration section */

/* Begin XCConfigurationList section */
		9DA1BA111D874F1B00C5B8BA /* Build configuration list for PBXProject "KGGCDWebServerDemo" */ = {
			isa = XCConfigurationList;
			buildConfigurations = (
				9DA1BA3C1D874F1C00C5B8BA /* Debug */,
				9DA1BA3D1D874F1C00C5B8BA /* Release */,
			);
			defaultConfigurationIsVisible = 0;
			defaultConfigurationName = Release;
		};
		9DA1BA3E1D874F1C00C5B8BA /* Build configuration list for PBXNativeTarget "KGGCDWebServerDemo" */ = {
			isa = XCConfigurationList;
			buildConfigurations = (
				9DA1BA3F1D874F1C00C5B8BA /* Debug */,
				9DA1BA401D874F1C00C5B8BA /* Release */,
			);
			defaultConfigurationIsVisible = 0;
			defaultConfigurationName = Release;
		};
		9DA1BA411D874F1C00C5B8BA /* Build configuration list for PBXNativeTarget "KGGCDWebServerDemoTests" */ = {
			isa = XCConfigurationList;
			buildConfigurations = (
				9DA1BA421D874F1C00C5B8BA /* Debug */,
				9DA1BA431D874F1C00C5B8BA /* Release */,
			);
			defaultConfigurationIsVisible = 0;
			defaultConfigurationName = Release;
		};
		9DA1BA441D874F1C00C5B8BA /* Build configuration list for PBXNativeTarget "KGGCDWebServerDemoUITests" */ = {
			isa = XCConfigurationList;
			buildConfigurations = (
				9DA1BA451D874F1C00C5B8BA /* Debug */,
				9DA1BA461D874F1C00C5B8BA /* Release */,
			);
			defaultConfigurationIsVisible = 0;
			defaultConfigurationName = Release;
		};
/* End XCConfigurationList section */
	};
	rootObject = 9DA1BA0E1D874F1B00C5B8BA /* Project object */;
}
